
Microsoft Visual Studio Solution File, Format Version 12.00
# Visual Studio 15
VisualStudioVersion = 15.0.27130.2010
MinimumVisualStudioVersion = 10.0.40219.1
Project("{FAE04EC0-301F-11D3-BF4B-00C04F79EFBC}") = "url-shortener", "url-shortener\url-shortener.csproj", "{8981F97F-BC2C-4219-890C-6E77387A9DEC}"
EndProject
Global
	GlobalSection(SolutionConfigurationPlatforms) = preSolution
		Debug|Any CPU = Debug|Any CPU
		Release|Any CPU = Release|Any CPU
	EndGlobalSection
	GlobalSection(ProjectConfigurationPlatforms) = postSolution
		{8981F97F-BC2C-4219-890C-6E77387A9DEC}.Debug|Any CPU.ActiveCfg = Debug|Any CPU
		{8981F97F-BC2C-4219-890C-6E77387A9DEC}.Debug|Any CPU.Build.0 = Debug|Any CPU
		{8981F97F-BC2C-4219-890C-6E77387A9DEC}.Release|Any CPU.ActiveCfg = Release|Any CPU
		{8981F97F-BC2C-4219-890C-6E77387A9DEC}.Release|Any CPU.Build.0 = Release|Any CPU
	EndGlobalSection
	GlobalSection(SolutionProperties) = preSolution
		HideSolutionNode = FALSE
	EndGlobalSection
	GlobalSection(ExtensibilityGlobals) = postSolution
		SolutionGuid = {68101D13-766F-42F7-AE99-0771047B18DC}
	EndGlobalSection
EndGlobal
